
Microsoft Visual Studio Solution File, Format Version 12.00
# Visual Studio Version 16
VisualStudioVersion = 16.0.31515.178
MinimumVisualStudioVersion = 10.0.40219.1
Project("{888888A0-9F3D-457C-B088-3A5042F75D52}") = "CIS261 Coursee Projectt", "CIS261 Coursee Projectt.pyproj", "{2020E3A9-45FC-457A-9576-E8EC307AD1B0}"
EndProject
Global
	GlobalSection(SolutionConfigurationPlatforms) = preSolution
		Debug|Any CPU = Debug|Any CPU
		Release|Any CPU = Release|Any CPU
	EndGlobalSection
	GlobalSection(ProjectConfigurationPlatforms) = postSolution
		{2020E3A9-45FC-457A-9576-E8EC307AD1B0}.Debug|Any CPU.ActiveCfg = Debug|Any CPU
		{2020E3A9-45FC-457A-9576-E8EC307AD1B0}.Release|Any CPU.ActiveCfg = Release|Any CPU
	EndGlobalSection
	GlobalSection(SolutionProperties) = preSolution
		HideSolutionNode = FALSE
	EndGlobalSection
	GlobalSection(ExtensibilityGlobals) = postSolution
		SolutionGuid = {816061DE-58E7-43DE-B869-D2C585DE722A}
	EndGlobalSection
EndGlobal
